
Microsoft Visual Studio Solution File, Format Version 12.00
# Visual Studio 15
VisualStudioVersion = 15.0.28307.329
MinimumVisualStudioVersion = 10.0.40219.1
Project("{FAE04EC0-301F-11D3-BF4B-00C04F79EFBC}") = "Anthony Web Browser", "Anthony Web Browser\Anthony Web Browser.csproj", "{3E00203C-37F3-4336-9DC6-F59618940A5B}"
EndProject
Global
	GlobalSection(SolutionConfigurationPlatforms) = preSolution
		Debug|Any CPU = Debug|Any CPU
		Release|Any CPU = Release|Any CPU
	EndGlobalSection
	GlobalSection(ProjectConfigurationPlatforms) = postSolution
		{3E00203C-37F3-4336-9DC6-F59618940A5B}.Debug|Any CPU.ActiveCfg = Debug|Any CPU
		{3E00203C-37F3-4336-9DC6-F59618940A5B}.Debug|Any CPU.Build.0 = Debug|Any CPU
		{3E00203C-37F3-4336-9DC6-F59618940A5B}.Release|Any CPU.ActiveCfg = Release|Any CPU
		{3E00203C-37F3-4336-9DC6-F59618940A5B}.Release|Any CPU.Build.0 = Release|Any CPU
	EndGlobalSection
	GlobalSection(SolutionProperties) = preSolution
		HideSolutionNode = FALSE
	EndGlobalSection
	GlobalSection(ExtensibilityGlobals) = postSolution
		SolutionGuid = {8B2C7A3F-9D3F-484D-B995-13D351F646F5}
	EndGlobalSection
EndGlobal
